{
	"name": "homebridge-ikea-tradfri-gateway",
	"version": "1.2.40",
	"lockfileVersion": 2,
	"requires": true,
	"packages": {
		"": {
			"name": "homebridge-ikea-tradfri-gateway",
			"version": "1.2.40",
			"license": "ISC",
			"dependencies": {
				"color-convert": "^2.0.1",
				"dotenv": "^8.2.0",
				"node-tradfri-client": "^3.2.0",
				"yow": "^1.0.118"
			},
			"engines": {
				"homebridge": ">=0.2.0",
				"node": ">=0.12.0"
			}
		},
		"node_modules/@leichtgewicht/ip-codec": {
			"version": "2.0.4",
			"resolved": "https://registry.npmjs.org/@leichtgewicht/ip-codec/-/ip-codec-2.0.4.tgz",
			"integrity": "sha512-Hcv+nVC0kZnQ3tD9GVu5xSMR4VVYOteQIr/hwFPVEvPdlXqgGEuRjiheChHgdM+JyqdgNcmzZOX/tnl0JOiI7A=="
		},
		"node_modules/alcalzone-shared": {
			"version": "4.0.8",
			"resolved": "https://registry.npmjs.org/alcalzone-shared/-/alcalzone-shared-4.0.8.tgz",
			"integrity": "sha512-Rr0efCjNL9lw7miDvU8exL87Y42ehsLU2jUGNQUphhnlvxnTMrHeApWgoOSGZvsE2PhxC3KO7Z+VpQ/IbuV3aA==",
			"dependencies": {
				"debug": "^4.3.4"
			},
			"engines": {
				"node": ">=12"
			}
		},
		"node_modules/color-convert": {
			"version": "2.0.1",
			"resolved": "https://registry.npmjs.org/color-convert/-/color-convert-2.0.1.tgz",
			"integrity": "sha512-RRECPsj7iu/xb5oKYcsFHSppFNnsj/52OVTRKb4zP5onXwVF3zVmmToNcOfGC+CRDpfK/U584fMg38ZHCaElKQ==",
			"dependencies": {
				"color-name": "~1.1.4"
			},
			"engines": {
				"node": ">=7.0.0"
			}
		},
		"node_modules/color-name": {
			"version": "1.1.4",
			"resolved": "https://registry.npmjs.org/color-name/-/color-name-1.1.4.tgz",
			"integrity": "sha512-dOy+3AuW3a2wNbZHIuMZpTcgjGuLU/uBL/ubcZF9OXbDo8ff4O8yVp5Bf0efS8uEoYo5q4Fx7dY9OgQGXgAsQA=="
		},
		"node_modules/debug": {
			"version": "4.3.4",
			"resolved": "https://registry.npmjs.org/debug/-/debug-4.3.4.tgz",
			"integrity": "sha512-PRWFHuSU3eDtQJPvnNY7Jcket1j0t5OuOsFzPPzsekD52Zl8qUfFIPEiswXqIvHWGVHOgX+7G/vCNNhehwxfkQ==",
			"dependencies": {
				"ms": "2.1.2"
			},
			"engines": {
				"node": ">=6.0"
			},
			"peerDependenciesMeta": {
				"supports-color": {
					"optional": true
				}
			}
		},
		"node_modules/dns-packet": {
			"version": "5.6.0",
			"resolved": "https://registry.npmjs.org/dns-packet/-/dns-packet-5.6.0.tgz",
			"integrity": "sha512-rza3UH1LwdHh9qyPXp8lkwpjSNk/AMD3dPytUoRoqnypDUhY0xvbdmVhWOfxO68frEfV9BU8V12Ez7ZsHGZpCQ==",
			"dependencies": {
				"@leichtgewicht/ip-codec": "^2.0.1"
			},
			"engines": {
				"node": ">=6"
			}
		},
		"node_modules/dotenv": {
			"version": "8.2.0",
			"resolved": "https://registry.npmjs.org/dotenv/-/dotenv-8.2.0.tgz",
			"integrity": "sha512-8sJ78ElpbDJBHNeBzUbUVLsqKdccaa/BXF1uPTw3GrvQTBgrQrtObr2mUrE38vzYd8cEv+m/JBfDLioYcfXoaw==",
			"engines": {
				"node": ">=8"
			}
		},
		"node_modules/lru-cache": {
			"version": "6.0.0",
			"resolved": "https://registry.npmjs.org/lru-cache/-/lru-cache-6.0.0.tgz",
			"integrity": "sha512-Jo6dJ04CmSjuznwJSS3pUeWmd/H0ffTlkXXgwZi+eq1UCmqQwCh+eLsYOYCwY991i2Fah4h1BEMCx4qThGbsiA==",
			"dependencies": {
				"yallist": "^4.0.0"
			},
			"engines": {
				"node": ">=10"
			}
		},
		"node_modules/mdns-server": {
			"version": "1.0.11",
			"resolved": "https://registry.npmjs.org/mdns-server/-/mdns-server-1.0.11.tgz",
			"integrity": "sha512-luzHnhQYmxaqrvYb8akwH2V/lSSyAumDoAK1zmogvpsj7sd4l04AF/LchBYH44NQVm7oo/KBVVFg3AbsJXr12w==",
			"dependencies": {
				"dns-packet": "^5.2.2"
			}
		},
		"node_modules/ms": {
			"version": "2.1.2",
			"resolved": "https://registry.npmjs.org/ms/-/ms-2.1.2.tgz",
			"integrity": "sha512-sGkPx+VjMtmA6MX27oA4FBFELFCZZ4S4XqeGOXCv68tT+jb3vk/RyaKWP0PTKyWtmLSM0b+adUTEvbs1PEaH2w=="
		},
		"node_modules/node-aead-crypto": {
			"version": "3.0.1",
			"resolved": "https://registry.npmjs.org/node-aead-crypto/-/node-aead-crypto-3.0.1.tgz",
			"integrity": "sha512-z1PSiyueg0Demr4iLJ5pqoB1NDP9OsBrsSiGGNx3GaQDBOWY2wyVjS4xRCPiWEN/yu3pgb2PklqaksW1Z4L8aw==",
			"optional": true,
			"engines": {
				"node": ">= 10"
			},
			"optionalDependencies": {
				"node-aead-crypto-android-arm-eabi": "3.0.1",
				"node-aead-crypto-android-arm64": "3.0.1",
				"node-aead-crypto-darwin-arm64": "3.0.1",
				"node-aead-crypto-darwin-universal": "3.0.1",
				"node-aead-crypto-darwin-x64": "3.0.1",
				"node-aead-crypto-linux-arm-gnueabihf": "3.0.1",
				"node-aead-crypto-linux-arm64-gnu": "3.0.1",
				"node-aead-crypto-linux-arm64-musl": "3.0.1",
				"node-aead-crypto-linux-x64-gnu": "3.0.1",
				"node-aead-crypto-linux-x64-musl": "3.0.1",
				"node-aead-crypto-win32-arm64-msvc": "3.0.1",
				"node-aead-crypto-win32-ia32-msvc": "3.0.1",
				"node-aead-crypto-win32-x64-msvc": "3.0.1"
			}
		},
		"node_modules/node-aead-crypto-android-arm-eabi": {
			"version": "3.0.1",
			"resolved": "https://registry.npmjs.org/node-aead-crypto-android-arm-eabi/-/node-aead-crypto-android-arm-eabi-3.0.1.tgz",
			"integrity": "sha512-bIAOQpwVPiAdi558WCOtbRQxjdQaQysLB12zzgb4LxXzNelNfQCx7gl/lBtQtsDd+MXTWW/acURM9X8c0Y627Q==",
			"cpu": [
				"arm"
			],
			"optional": true,
			"os": [
				"android"
			],
			"engines": {
				"node": ">= 10"
			}
		},
		"node_modules/node-aead-crypto-android-arm64": {
			"version": "3.0.1",
			"resolved": "https://registry.npmjs.org/node-aead-crypto-android-arm64/-/node-aead-crypto-android-arm64-3.0.1.tgz",
			"integrity": "sha512-EzKow9IduaOatF1hxoi2aNu+a70q7LtVVs/H04VcUBe93FbSuLRtSSOnEmvwwBProz2FV9Y0WhFrAbM+ruRXbA==",
			"cpu": [
				"arm64"
			],
			"optional": true,
			"os": [
				"android"
			],
			"engines": {
				"node": ">= 10"
			}
		},
		"node_modules/node-aead-crypto-darwin-arm64": {
			"version": "3.0.1",
			"resolved": "https://registry.npmjs.org/node-aead-crypto-darwin-arm64/-/node-aead-crypto-darwin-arm64-3.0.1.tgz",
			"integrity": "sha512-qb5jCE5xfKWJGNwFGhzpcdEZf16RDXOpHu2zckM1rZw4xpfZpSaIzU5J6mBTHzuYfQJrpQSj/sZPuFGIjqEvBA==",
			"cpu": [
				"arm64"
			],
			"optional": true,
			"os": [
				"darwin"
			],
			"engines": {
				"node": ">= 10"
			}
		},
		"node_modules/node-aead-crypto-darwin-universal": {
			"version": "3.0.1",
			"resolved": "https://registry.npmjs.org/node-aead-crypto-darwin-universal/-/node-aead-crypto-darwin-universal-3.0.1.tgz",
			"integrity": "sha512-0v44Z90wONd3B9KLPMWDi7p5IZLQUPBY27X9k2R9ZBuIgK00Zkyfd995xgaHeLPN8VLiddg5UmqdOISY88reMQ==",
			"optional": true,
			"os": [
				"darwin"
			],
			"engines": {
				"node": ">= 10"
			}
		},
		"node_modules/node-aead-crypto-darwin-x64": {
			"version": "3.0.1",
			"resolved": "https://registry.npmjs.org/node-aead-crypto-darwin-x64/-/node-aead-crypto-darwin-x64-3.0.1.tgz",
			"integrity": "sha512-Co6T1sb9R0W6uxlDwnLRlmCP2+5ZKYlQYAY5cWMaTC3RApZY2Qz7GlsK3+6hBaGr8iu4BG2Qdvb5gpS9A9ngLQ==",
			"cpu": [
				"x64"
			],
			"optional": true,
			"os": [
				"darwin"
			],
			"engines": {
				"node": ">= 10"
			}
		},
		"node_modules/node-aead-crypto-linux-arm-gnueabihf": {
			"version": "3.0.1",
			"resolved": "https://registry.npmjs.org/node-aead-crypto-linux-arm-gnueabihf/-/node-aead-crypto-linux-arm-gnueabihf-3.0.1.tgz",
			"integrity": "sha512-5sZobc1hqIQyULpaOVXw6Q+UIgMRIX3/CzHrCvvmWdc9LXG7ZZ7jzv5F8uTXBtJMXBVm3JdmD5bcu80uy9hfPg==",
			"cpu": [
				"arm"
			],
			"optional": true,
			"os": [
				"linux"
			],
			"engines": {
				"node": ">= 10"
			}
		},
		"node_modules/node-aead-crypto-linux-arm64-gnu": {
			"version": "3.0.1",
			"resolved": "https://registry.npmjs.org/node-aead-crypto-linux-arm64-gnu/-/node-aead-crypto-linux-arm64-gnu-3.0.1.tgz",
			"integrity": "sha512-cieHU0schCllZlDj54SKlYYknZSqBB83K44mFrIjfA/QLo1LQ5vgzpL7xZZLYe82HdcHRtVBLn9zfl1rtb3x+w==",
			"cpu": [
				"arm64"
			],
			"optional": true,
			"os": [
				"linux"
			],
			"engines": {
				"node": ">= 10"
			}
		},
		"node_modules/node-aead-crypto-linux-arm64-musl": {
			"version": "3.0.1",
			"resolved": "https://registry.npmjs.org/node-aead-crypto-linux-arm64-musl/-/node-aead-crypto-linux-arm64-musl-3.0.1.tgz",
			"integrity": "sha512-NU2gUYA4cueaxXtULB4h+a85UIHLB6oH7lt9qHNSQtWkFesoQSUBStmzukX75zhNBI7tvi1Z+jukUrOPYe2ixQ==",
			"cpu": [
				"arm64"
			],
			"optional": true,
			"os": [
				"linux"
			],
			"engines": {
				"node": ">= 10"
			}
		},
		"node_modules/node-aead-crypto-linux-x64-gnu": {
			"version": "3.0.1",
			"resolved": "https://registry.npmjs.org/node-aead-crypto-linux-x64-gnu/-/node-aead-crypto-linux-x64-gnu-3.0.1.tgz",
			"integrity": "sha512-KK+JrrtagnpzBsOofLE+kAf5reB5LGllh1Sdxknccg0e9oQEsL5dzTCjof5iMSdKZEBBKGrWxftMl8UxAR56Jg==",
			"cpu": [
				"x64"
			],
			"optional": true,
			"os": [
				"linux"
			],
			"engines": {
				"node": ">= 10"
			}
		},
		"node_modules/node-aead-crypto-linux-x64-musl": {
			"version": "3.0.1",
			"resolved": "https://registry.npmjs.org/node-aead-crypto-linux-x64-musl/-/node-aead-crypto-linux-x64-musl-3.0.1.tgz",
			"integrity": "sha512-CniTRbq1q+qaN2a0MB3PYZZVYVl7rS54MxT9gMaOBEd7KuG5dXry7G/cwwbJ0oR3Agjyt2mTWcW36SjJPudKXw==",
			"cpu": [
				"x64"
			],
			"optional": true,
			"os": [
				"linux"
			],
			"engines": {
				"node": ">= 10"
			}
		},
		"node_modules/node-aead-crypto-win32-arm64-msvc": {
			"version": "3.0.1",
			"resolved": "https://registry.npmjs.org/node-aead-crypto-win32-arm64-msvc/-/node-aead-crypto-win32-arm64-msvc-3.0.1.tgz",
			"integrity": "sha512-zDpx5flNM+v9rwN1qwtHudubEqTDtALkL6aCX+KwBG2uccV/PNFsy9imCDyLT86A/7D+U6WPZCpafZgN+w2aBg==",
			"cpu": [
				"arm64"
			],
			"optional": true,
			"os": [
				"win32"
			],
			"engines": {
				"node": ">= 10"
			}
		},
		"node_modules/node-aead-crypto-win32-ia32-msvc": {
			"version": "3.0.1",
			"resolved": "https://registry.npmjs.org/node-aead-crypto-win32-ia32-msvc/-/node-aead-crypto-win32-ia32-msvc-3.0.1.tgz",
			"integrity": "sha512-XD3iIsFG4kWn+XT3PabblNmejS3rNjKAkihCM6R1nPHpGLZFKOPpkummRBi0dWs3s01cV6jx59YG2r1FsZwJ0g==",
			"cpu": [
				"ia32"
			],
			"optional": true,
			"os": [
				"win32"
			],
			"engines": {
				"node": ">= 10"
			}
		},
		"node_modules/node-aead-crypto-win32-x64-msvc": {
			"version": "3.0.1",
			"resolved": "https://registry.npmjs.org/node-aead-crypto-win32-x64-msvc/-/node-aead-crypto-win32-x64-msvc-3.0.1.tgz",
			"integrity": "sha512-I2rehJKYEDXlA2uf3Z/Cnjtg74ClO3cjZhpW/SVKHGfSnxSvLK7BJ3yNAV6x+XpaHBYJMlRvWZqnHqgaHuxWUA==",
			"cpu": [
				"x64"
			],
			"optional": true,
			"os": [
				"win32"
			],
			"engines": {
				"node": ">= 10"
			}
		},
		"node_modules/node-coap-client": {
			"version": "2.1.0",
			"resolved": "https://registry.npmjs.org/node-coap-client/-/node-coap-client-2.1.0.tgz",
			"integrity": "sha512-HwD6I83vyWRcun2En/hy/mG+M29RQiy3odvSRdNQCXugEDfS9CuQMA6Uc0ZLoIbsCGzAwJCbFBqenLNGAbflbQ==",
			"dependencies": {
				"debug": "^4.3.4",
				"node-dtls-client": "^1.1.1"
			},
			"engines": {
				"node": ">=12"
			}
		},
		"node_modules/node-dtls-client": {
			"version": "1.1.1",
			"resolved": "https://registry.npmjs.org/node-dtls-client/-/node-dtls-client-1.1.1.tgz",
			"integrity": "sha512-kwQ8j5OW/cWCcLeFbUC8dyXXXMYetfIFC132wK8BzaUVr7izKWVeVrbYhUsl7yLh+qCrhf+bI3+fu2viTIJajA==",
			"dependencies": {
				"debug": "^4.3.4",
				"semver": "^7.3.7"
			},
			"engines": {
				"node": ">=12"
			},
			"optionalDependencies": {
				"node-aead-crypto": "^3.0.1"
			}
		},
		"node_modules/node-tradfri-client": {
			"version": "3.2.0",
			"resolved": "https://registry.npmjs.org/node-tradfri-client/-/node-tradfri-client-3.2.0.tgz",
			"integrity": "sha512-tsu9z3FANuiNPqscnAZ9D3OkPHWL7+IlBFlPfbJpLQmMajLJFH1d22BzE70ylOFZZlXWaGMHpKLijExe0+ngUQ==",
			"dependencies": {
				"alcalzone-shared": "^4.0.8",
				"debug": "^4.3.4",
				"mdns-server": "^1.0.11",
				"node-coap-client": "^2.1.0",
				"reflect-metadata": "^0.1.13"
			},
			"engines": {
				"node": ">=12"
			}
		},
		"node_modules/reflect-metadata": {
			"version": "0.1.13",
			"resolved": "https://registry.npmjs.org/reflect-metadata/-/reflect-metadata-0.1.13.tgz",
			"integrity": "sha512-Ts1Y/anZELhSsjMcU605fU9RE4Oi3p5ORujwbIKXfWa+0Zxs510Qrmrce5/Jowq3cHSZSJqBjypxmHarc+vEWg=="
		},
		"node_modules/semver": {
			"version": "7.5.1",
			"resolved": "https://registry.npmjs.org/semver/-/semver-7.5.1.tgz",
			"integrity": "sha512-Wvss5ivl8TMRZXXESstBA4uR5iXgEN/VC5/sOcuXdVLzcdkz4HWetIoRfG5gb5X+ij/G9rw9YoGn3QoQ8OCSpw==",
			"dependencies": {
				"lru-cache": "^6.0.0"
			},
			"bin": {
				"semver": "bin/semver.js"
			},
			"engines": {
				"node": ">=10"
			}
		},
		"node_modules/sprintf-js": {
			"version": "1.1.2",
			"resolved": "https://registry.npmjs.org/sprintf-js/-/sprintf-js-1.1.2.tgz",
			"integrity": "sha512-VE0SOVEHCk7Qc8ulkWw3ntAzXuqf7S2lvwQaDLRnUeIEaKNQJzV6BwmLKhOqT61aGhfUMrXeaBk+oDGCzvhcug=="
		},
		"node_modules/yallist": {
			"version": "4.0.0",
			"resolved": "https://registry.npmjs.org/yallist/-/yallist-4.0.0.tgz",
			"integrity": "sha512-3wdGidZyq5PB084XLES5TpOSRA3wjXAlIWMhum2kRcv/41Sn2emQ0dycQW4uZXLejwKvg6EsvbdlVL+FYEct7A=="
		},
		"node_modules/yow": {
			"version": "1.0.118",
			"resolved": "https://registry.npmjs.org/yow/-/yow-1.0.118.tgz",
			"integrity": "sha512-xIzxaiZ/3K4AHpTHrYdnYYeTGVJWIcF9E0cJfvpKIm/aGTvSynJGjrkexg4hAlTRHTgFhprina80Hwpkq/VaXA==",
			"dependencies": {
				"sprintf-js": "^1.1.2"
			}
		}
	},
	"dependencies": {
		"@leichtgewicht/ip-codec": {
			"version": "2.0.4",
			"resolved": "https://registry.npmjs.org/@leichtgewicht/ip-codec/-/ip-codec-2.0.4.tgz",
			"integrity": "sha512-Hcv+nVC0kZnQ3tD9GVu5xSMR4VVYOteQIr/hwFPVEvPdlXqgGEuRjiheChHgdM+JyqdgNcmzZOX/tnl0JOiI7A=="
		},
		"alcalzone-shared": {
			"version": "4.0.8",
			"resolved": "https://registry.npmjs.org/alcalzone-shared/-/alcalzone-shared-4.0.8.tgz",
			"integrity": "sha512-Rr0efCjNL9lw7miDvU8exL87Y42ehsLU2jUGNQUphhnlvxnTMrHeApWgoOSGZvsE2PhxC3KO7Z+VpQ/IbuV3aA==",
			"requires": {
				"debug": "^4.3.4"
			}
		},
		"color-convert": {
			"version": "2.0.1",
			"resolved": "https://registry.npmjs.org/color-convert/-/color-convert-2.0.1.tgz",
			"integrity": "sha512-RRECPsj7iu/xb5oKYcsFHSppFNnsj/52OVTRKb4zP5onXwVF3zVmmToNcOfGC+CRDpfK/U584fMg38ZHCaElKQ==",
			"requires": {
				"color-name": "~1.1.4"
			}
		},
		"color-name": {
			"version": "1.1.4",
			"resolved": "https://registry.npmjs.org/color-name/-/color-name-1.1.4.tgz",
			"integrity": "sha512-dOy+3AuW3a2wNbZHIuMZpTcgjGuLU/uBL/ubcZF9OXbDo8ff4O8yVp5Bf0efS8uEoYo5q4Fx7dY9OgQGXgAsQA=="
		},
		"debug": {
			"version": "4.3.4",
			"resolved": "https://registry.npmjs.org/debug/-/debug-4.3.4.tgz",
			"integrity": "sha512-PRWFHuSU3eDtQJPvnNY7Jcket1j0t5OuOsFzPPzsekD52Zl8qUfFIPEiswXqIvHWGVHOgX+7G/vCNNhehwxfkQ==",
			"requires": {
				"ms": "2.1.2"
			}
		},
		"dns-packet": {
			"version": "5.6.0",
			"resolved": "https://registry.npmjs.org/dns-packet/-/dns-packet-5.6.0.tgz",
			"integrity": "sha512-rza3UH1LwdHh9qyPXp8lkwpjSNk/AMD3dPytUoRoqnypDUhY0xvbdmVhWOfxO68frEfV9BU8V12Ez7ZsHGZpCQ==",
			"requires": {
				"@leichtgewicht/ip-codec": "^2.0.1"
			}
		},
		"dotenv": {
			"version": "8.2.0",
			"resolved": "https://registry.npmjs.org/dotenv/-/dotenv-8.2.0.tgz",
			"integrity": "sha512-8sJ78ElpbDJBHNeBzUbUVLsqKdccaa/BXF1uPTw3GrvQTBgrQrtObr2mUrE38vzYd8cEv+m/JBfDLioYcfXoaw=="
		},
		"lru-cache": {
			"version": "6.0.0",
			"resolved": "https://registry.npmjs.org/lru-cache/-/lru-cache-6.0.0.tgz",
			"integrity": "sha512-Jo6dJ04CmSjuznwJSS3pUeWmd/H0ffTlkXXgwZi+eq1UCmqQwCh+eLsYOYCwY991i2Fah4h1BEMCx4qThGbsiA==",
			"requires": {
				"yallist": "^4.0.0"
			}
		},
		"mdns-server": {
			"version": "1.0.11",
			"resolved": "https://registry.npmjs.org/mdns-server/-/mdns-server-1.0.11.tgz",
			"integrity": "sha512-luzHnhQYmxaqrvYb8akwH2V/lSSyAumDoAK1zmogvpsj7sd4l04AF/LchBYH44NQVm7oo/KBVVFg3AbsJXr12w==",
			"requires": {
				"dns-packet": "^5.2.2"
			}
		},
		"ms": {
			"version": "2.1.2",
			"resolved": "https://registry.npmjs.org/ms/-/ms-2.1.2.tgz",
			"integrity": "sha512-sGkPx+VjMtmA6MX27oA4FBFELFCZZ4S4XqeGOXCv68tT+jb3vk/RyaKWP0PTKyWtmLSM0b+adUTEvbs1PEaH2w=="
		},
		"node-aead-crypto": {
			"version": "3.0.1",
			"resolved": "https://registry.npmjs.org/node-aead-crypto/-/node-aead-crypto-3.0.1.tgz",
			"integrity": "sha512-z1PSiyueg0Demr4iLJ5pqoB1NDP9OsBrsSiGGNx3GaQDBOWY2wyVjS4xRCPiWEN/yu3pgb2PklqaksW1Z4L8aw==",
			"optional": true,
			"requires": {
				"node-aead-crypto-android-arm-eabi": "3.0.1",
				"node-aead-crypto-android-arm64": "3.0.1",
				"node-aead-crypto-darwin-arm64": "3.0.1",
				"node-aead-crypto-darwin-universal": "3.0.1",
				"node-aead-crypto-darwin-x64": "3.0.1",
				"node-aead-crypto-linux-arm-gnueabihf": "3.0.1",
				"node-aead-crypto-linux-arm64-gnu": "3.0.1",
				"node-aead-crypto-linux-arm64-musl": "3.0.1",
				"node-aead-crypto-linux-x64-gnu": "3.0.1",
				"node-aead-crypto-linux-x64-musl": "3.0.1",
				"node-aead-crypto-win32-arm64-msvc": "3.0.1",
				"node-aead-crypto-win32-ia32-msvc": "3.0.1",
				"node-aead-crypto-win32-x64-msvc": "3.0.1"
			}
		},
		"node-aead-crypto-android-arm-eabi": {
			"version": "3.0.1",
			"resolved": "https://registry.npmjs.org/node-aead-crypto-android-arm-eabi/-/node-aead-crypto-android-arm-eabi-3.0.1.tgz",
			"integrity": "sha512-bIAOQpwVPiAdi558WCOtbRQxjdQaQysLB12zzgb4LxXzNelNfQCx7gl/lBtQtsDd+MXTWW/acURM9X8c0Y627Q==",
			"optional": true
		},
		"node-aead-crypto-android-arm64": {
			"version": "3.0.1",
			"resolved": "https://registry.npmjs.org/node-aead-crypto-android-arm64/-/node-aead-crypto-android-arm64-3.0.1.tgz",
			"integrity": "sha512-EzKow9IduaOatF1hxoi2aNu+a70q7LtVVs/H04VcUBe93FbSuLRtSSOnEmvwwBProz2FV9Y0WhFrAbM+ruRXbA==",
			"optional": true
		},
		"node-aead-crypto-darwin-arm64": {
			"version": "3.0.1",
			"resolved": "https://registry.npmjs.org/node-aead-crypto-darwin-arm64/-/node-aead-crypto-darwin-arm64-3.0.1.tgz",
			"integrity": "sha512-qb5jCE5xfKWJGNwFGhzpcdEZf16RDXOpHu2zckM1rZw4xpfZpSaIzU5J6mBTHzuYfQJrpQSj/sZPuFGIjqEvBA==",
			"optional": true
		},
		"node-aead-crypto-darwin-universal": {
			"version": "3.0.1",
			"resolved": "https://registry.npmjs.org/node-aead-crypto-darwin-universal/-/node-aead-crypto-darwin-universal-3.0.1.tgz",
			"integrity": "sha512-0v44Z90wONd3B9KLPMWDi7p5IZLQUPBY27X9k2R9ZBuIgK00Zkyfd995xgaHeLPN8VLiddg5UmqdOISY88reMQ==",
			"optional": true
		},
		"node-aead-crypto-darwin-x64": {
			"version": "3.0.1",
			"resolved": "https://registry.npmjs.org/node-aead-crypto-darwin-x64/-/node-aead-crypto-darwin-x64-3.0.1.tgz",
			"integrity": "sha512-Co6T1sb9R0W6uxlDwnLRlmCP2+5ZKYlQYAY5cWMaTC3RApZY2Qz7GlsK3+6hBaGr8iu4BG2Qdvb5gpS9A9ngLQ==",
			"optional": true
		},
		"node-aead-crypto-linux-arm-gnueabihf": {
			"version": "3.0.1",
			"resolved": "https://registry.npmjs.org/node-aead-crypto-linux-arm-gnueabihf/-/node-aead-crypto-linux-arm-gnueabihf-3.0.1.tgz",
			"integrity": "sha512-5sZobc1hqIQyULpaOVXw6Q+UIgMRIX3/CzHrCvvmWdc9LXG7ZZ7jzv5F8uTXBtJMXBVm3JdmD5bcu80uy9hfPg==",
			"optional": true
		},
		"node-aead-crypto-linux-arm64-gnu": {
			"version": "3.0.1",
			"resolved": "https://registry.npmjs.org/node-aead-crypto-linux-arm64-gnu/-/node-aead-crypto-linux-arm64-gnu-3.0.1.tgz",
			"integrity": "sha512-cieHU0schCllZlDj54SKlYYknZSqBB83K44mFrIjfA/QLo1LQ5vgzpL7xZZLYe82HdcHRtVBLn9zfl1rtb3x+w==",
			"optional": true
		},
		"node-aead-crypto-linux-arm64-musl": {
			"version": "3.0.1",
			"resolved": "https://registry.npmjs.org/node-aead-crypto-linux-arm64-musl/-/node-aead-crypto-linux-arm64-musl-3.0.1.tgz",
			"integrity": "sha512-NU2gUYA4cueaxXtULB4h+a85UIHLB6oH7lt9qHNSQtWkFesoQSUBStmzukX75zhNBI7tvi1Z+jukUrOPYe2ixQ==",
			"optional": true
		},
		"node-aead-crypto-linux-x64-gnu": {
			"version": "3.0.1",
			"resolved": "https://registry.npmjs.org/node-aead-crypto-linux-x64-gnu/-/node-aead-crypto-linux-x64-gnu-3.0.1.tgz",
			"integrity": "sha512-KK+JrrtagnpzBsOofLE+kAf5reB5LGllh1Sdxknccg0e9oQEsL5dzTCjof5iMSdKZEBBKGrWxftMl8UxAR56Jg==",
			"optional": true
		},
		"node-aead-crypto-linux-x64-musl": {
			"version": "3.0.1",
			"resolved": "https://registry.npmjs.org/node-aead-crypto-linux-x64-musl/-/node-aead-crypto-linux-x64-musl-3.0.1.tgz",
			"integrity": "sha512-CniTRbq1q+qaN2a0MB3PYZZVYVl7rS54MxT9gMaOBEd7KuG5dXry7G/cwwbJ0oR3Agjyt2mTWcW36SjJPudKXw==",
			"optional": true
		},
		"node-aead-crypto-win32-arm64-msvc": {
			"version": "3.0.1",
			"resolved": "https://registry.npmjs.org/node-aead-crypto-win32-arm64-msvc/-/node-aead-crypto-win32-arm64-msvc-3.0.1.tgz",
			"integrity": "sha512-zDpx5flNM+v9rwN1qwtHudubEqTDtALkL6aCX+KwBG2uccV/PNFsy9imCDyLT86A/7D+U6WPZCpafZgN+w2aBg==",
			"optional": true
		},
		"node-aead-crypto-win32-ia32-msvc": {
			"version": "3.0.1",
			"resolved": "https://registry.npmjs.org/node-aead-crypto-win32-ia32-msvc/-/node-aead-crypto-win32-ia32-msvc-3.0.1.tgz",
			"integrity": "sha512-XD3iIsFG4kWn+XT3PabblNmejS3rNjKAkihCM6R1nPHpGLZFKOPpkummRBi0dWs3s01cV6jx59YG2r1FsZwJ0g==",
			"optional": true
		},
		"node-aead-crypto-win32-x64-msvc": {
			"version": "3.0.1",
			"resolved": "https://registry.npmjs.org/node-aead-crypto-win32-x64-msvc/-/node-aead-crypto-win32-x64-msvc-3.0.1.tgz",
			"integrity": "sha512-I2rehJKYEDXlA2uf3Z/Cnjtg74ClO3cjZhpW/SVKHGfSnxSvLK7BJ3yNAV6x+XpaHBYJMlRvWZqnHqgaHuxWUA==",
			"optional": true
		},
		"node-coap-client": {
			"version": "2.1.0",
			"resolved": "https://registry.npmjs.org/node-coap-client/-/node-coap-client-2.1.0.tgz",
			"integrity": "sha512-HwD6I83vyWRcun2En/hy/mG+M29RQiy3odvSRdNQCXugEDfS9CuQMA6Uc0ZLoIbsCGzAwJCbFBqenLNGAbflbQ==",
			"requires": {
				"debug": "^4.3.4",
				"node-dtls-client": "^1.1.1"
			}
		},
		"node-dtls-client": {
			"version": "1.1.1",
			"resolved": "https://registry.npmjs.org/node-dtls-client/-/node-dtls-client-1.1.1.tgz",
			"integrity": "sha512-kwQ8j5OW/cWCcLeFbUC8dyXXXMYetfIFC132wK8BzaUVr7izKWVeVrbYhUsl7yLh+qCrhf+bI3+fu2viTIJajA==",
			"requires": {
				"debug": "^4.3.4",
				"node-aead-crypto": "^3.0.1",
				"semver": "^7.3.7"
			}
		},
		"node-tradfri-client": {
			"version": "3.2.0",
			"resolved": "https://registry.npmjs.org/node-tradfri-client/-/node-tradfri-client-3.2.0.tgz",
			"integrity": "sha512-tsu9z3FANuiNPqscnAZ9D3OkPHWL7+IlBFlPfbJpLQmMajLJFH1d22BzE70ylOFZZlXWaGMHpKLijExe0+ngUQ==",
			"requires": {
				"alcalzone-shared": "^4.0.8",
				"debug": "^4.3.4",
				"mdns-server": "^1.0.11",
				"node-coap-client": "^2.1.0",
				"reflect-metadata": "^0.1.13"
			}
		},
		"reflect-metadata": {
			"version": "0.1.13",
			"resolved": "https://registry.npmjs.org/reflect-metadata/-/reflect-metadata-0.1.13.tgz",
			"integrity": "sha512-Ts1Y/anZELhSsjMcU605fU9RE4Oi3p5ORujwbIKXfWa+0Zxs510Qrmrce5/Jowq3cHSZSJqBjypxmHarc+vEWg=="
		},
		"semver": {
			"version": "7.5.1",
			"resolved": "https://registry.npmjs.org/semver/-/semver-7.5.1.tgz",
			"integrity": "sha512-Wvss5ivl8TMRZXXESstBA4uR5iXgEN/VC5/sOcuXdVLzcdkz4HWetIoRfG5gb5X+ij/G9rw9YoGn3QoQ8OCSpw==",
			"requires": {
				"lru-cache": "^6.0.0"
			}
		},
		"sprintf-js": {
			"version": "1.1.2",
			"resolved": "https://registry.npmjs.org/sprintf-js/-/sprintf-js-1.1.2.tgz",
			"integrity": "sha512-VE0SOVEHCk7Qc8ulkWw3ntAzXuqf7S2lvwQaDLRnUeIEaKNQJzV6BwmLKhOqT61aGhfUMrXeaBk+oDGCzvhcug=="
		},
		"yallist": {
			"version": "4.0.0",
			"resolved": "https://registry.npmjs.org/yallist/-/yallist-4.0.0.tgz",
			"integrity": "sha512-3wdGidZyq5PB084XLES5TpOSRA3wjXAlIWMhum2kRcv/41Sn2emQ0dycQW4uZXLejwKvg6EsvbdlVL+FYEct7A=="
		},
		"yow": {
			"version": "1.0.118",
			"resolved": "https://registry.npmjs.org/yow/-/yow-1.0.118.tgz",
			"integrity": "sha512-xIzxaiZ/3K4AHpTHrYdnYYeTGVJWIcF9E0cJfvpKIm/aGTvSynJGjrkexg4hAlTRHTgFhprina80Hwpkq/VaXA==",
			"requires": {
				"sprintf-js": "^1.1.2"
			}
		}
	}
}
