{
	"name": "homebridge-ikea-tradfri-gateway",
	"version": "1.2.34",
	"lockfileVersion": 2,
	"requires": true,
	"dependencies": {
		"increase-package-version": {
			"version": "1.0.3",
			"resolved": "https://registry.npmjs.org/increase-package-version/-/increase-package-version-1.0.3.tgz",
			"integrity": "sha512-W4FYPVzT/nusASN5YOlYu0nXZAGLLr1SRs8z+uB2AbF3V1Neb08wwrwV2LNbXa7uth+xCQuulawITtScRBsFBA==",
			"dev": true
		}
	}
}
